// !$*UTF8*$!
{
	archiveVersion = 1;
	classes = {
	};
	objectVersion = 48;
	objects = {

/* Begin PBXBuildFile section */
		0B6297021F9073D9009A17E8 /* AppDelegate.swift in Sources */ = {isa = PBXBuildFile; fileRef = 0B6297011F9073D9009A17E8 /* AppDelegate.swift */; };
		0B6297041F9073D9009A17E8 /* ViewController.swift in Sources */ = {isa = PBXBuildFile; fileRef = 0B6297031F9073D9009A17E8 /* ViewController.swift */; };
		0B6297071F9073D9009A17E8 /* Main.storyboard in Resources */ = {isa = PBXBuildFile; fileRef = 0B6297051F9073D9009A17E8 /* Main.storyboard */; };
		0B6297091F9073D9009A17E8 /* Assets.xcassets in Resources */ = {isa = PBXBuildFile; fileRef = 0B6297081F9073D9009A17E8 /* Assets.xcassets */; };
		0B62970C1F9073D9009A17E8 /* LaunchScreen.storyboard in Resources */ = {isa = PBXBuildFile; fileRef = 0B62970A1F9073D9009A17E8 /* LaunchScreen.storyboard */; };
		0B6297181F913C96009A17E8 /* art.scnassets in Resources */ = {isa = PBXBuildFile; fileRef = 0B6297171F913C96009A17E8 /* art.scnassets */; };
		35BCF38B2F9A4B86973AA634 /* Pods_WhackAJelly.framework in Frameworks */ = {isa = PBXBuildFile; fileRef = 29BE43DBCC4C65AEB834FB86 /* Pods_WhackAJelly.framework */; };
/* End PBXBuildFile section */

/* Begin PBXFileReference section */
		0B6296FE1F9073D9009A17E8 /* WhackAJelly.app */ = {isa = PBXFileReference; explicitFileType = wrapper.application; includeInIndex = 0; path = WhackAJelly.app; sourceTree = BUILT_PRODUCTS_DIR; };
		0B6297011F9073D9009A17E8 /* AppDelegate.swift */ = {isa = PBXFileReference; lastKnownFileType = sourcecode.swift; path = AppDelegate.swift; sourceTree = "<group>"; };
		0B6297031F9073D9009A17E8 /* ViewController.swift */ = {isa = PBXFileReference; lastKnownFileType = sourcecode.swift; path = ViewController.swift; sourceTree = "<group>"; };
		0B6297061F9073D9009A17E8 /* Base */ = {isa = PBXFileReference; lastKnownFileType = file.storyboard; name = Base; path = Base.lproj/Main.storyboard; sourceTree = "<group>"; };
		0B6297081F9073D9009A17E8 /* Assets.xcassets */ = {isa = PBXFileReference; lastKnownFileType = folder.assetcatalog; path = Assets.xcassets; sourceTree = "<group>"; };
		0B62970B1F9073D9009A17E8 /* Base */ = {isa = PBXFileReference; lastKnownFileType = file.storyboard; name = Base; path = Base.lproj/LaunchScreen.storyboard; sourceTree = "<group>"; };
		0B62970D1F9073D9009A17E8 /* Info.plist */ = {isa = PBXFileReference; lastKnownFileType = text.plist.xml; path = Info.plist; sourceTree = "<group>"; };
		0B6297171F913C96009A17E8 /* art.scnassets */ = {isa = PBXFileReference; lastKnownFileType = wrapper.scnassets; path = art.scnassets; sourceTree = "<group>"; };
		0B6297271F916A0F009A17E8 /* Jellyfish.scn */ = {isa = PBXFileReference; lastKnownFileType = file.bplist; name = Jellyfish.scn; path = art.scnassets/Jellyfish.scn; sourceTree = "<group>"; };
		0B6297291F93F530009A17E8 /* Textures */ = {isa = PBXFileReference; lastKnownFileType = folder; name = Textures; path = art.scnassets/Textures; sourceTree = "<group>"; };
		29BE43DBCC4C65AEB834FB86 /* Pods_WhackAJelly.framework */ = {isa = PBXFileReference; explicitFileType = wrapper.framework; includeInIndex = 0; path = Pods_WhackAJelly.framework; sourceTree = BUILT_PRODUCTS_DIR; };
		B5E6EA59F86FA710065A40DC /* Pods-WhackAJelly.release.xcconfig */ = {isa = PBXFileReference; includeInIndex = 1; lastKnownFileType = text.xcconfig; name = "Pods-WhackAJelly.release.xcconfig"; path = "Pods/Target Support Files/Pods-WhackAJelly/Pods-WhackAJelly.release.xcconfig"; sourceTree = "<group>"; };
		E298A5DEB6F29C4D2933E4E2 /* Pods-WhackAJelly.debug.xcconfig */ = {isa = PBXFileReference; includeInIndex = 1; lastKnownFileType = text.xcconfig; name = "Pods-WhackAJelly.debug.xcconfig"; path = "Pods/Target Support Files/Pods-WhackAJelly/Pods-WhackAJelly.debug.xcconfig"; sourceTree = "<group>"; };
/* End PBXFileReference section */

/* Begin PBXFrameworksBuildPhase section */
		0B6296FB1F9073D9009A17E8 /* Frameworks */ = {
			isa = PBXFrameworksBuildPhase;
			buildActionMask = 2147483647;
			files = (
				35BCF38B2F9A4B86973AA634 /* Pods_WhackAJelly.framework in Frameworks */,
			);
			runOnlyForDeploymentPostprocessing = 0;
		};
/* End PBXFrameworksBuildPhase section */

/* Begin PBXGroup section */
		0B6296F51F9073D9009A17E8 = {
			isa = PBXGroup;
			children = (
				0B6297001F9073D9009A17E8 /* WhackAJelly */,
				0B6296FF1F9073D9009A17E8 /* Products */,
				6B0AA6A1D861534C7DD3533F /* Pods */,
				52B917241FE1A6C6DD85395F /* Frameworks */,
			);
			sourceTree = "<group>";
		};
		0B6296FF1F9073D9009A17E8 /* Products */ = {
			isa = PBXGroup;
			children = (
				0B6296FE1F9073D9009A17E8 /* WhackAJelly.app */,
			);
			name = Products;
			sourceTree = "<group>";
		};
		0B6297001F9073D9009A17E8 /* WhackAJelly */ = {
			isa = PBXGroup;
			children = (
				0B6297291F93F530009A17E8 /* Textures */,
				0B6297271F916A0F009A17E8 /* Jellyfish.scn */,
				0B6297011F9073D9009A17E8 /* AppDelegate.swift */,
				0B6297031F9073D9009A17E8 /* ViewController.swift */,
				0B6297051F9073D9009A17E8 /* Main.storyboard */,
				0B6297081F9073D9009A17E8 /* Assets.xcassets */,
				0B62970A1F9073D9009A17E8 /* LaunchScreen.storyboard */,
				0B62970D1F9073D9009A17E8 /* Info.plist */,
				0B6297171F913C96009A17E8 /* art.scnassets */,
			);
			path = WhackAJelly;
			sourceTree = "<group>";
		};
		52B917241FE1A6C6DD85395F /* Frameworks */ = {
			isa = PBXGroup;
			children = (
				29BE43DBCC4C65AEB834FB86 /* Pods_WhackAJelly.framework */,
			);
			name = Frameworks;
			sourceTree = "<group>";
		};
		6B0AA6A1D861534C7DD3533F /* Pods */ = {
			isa = PBXGroup;
			children = (
				E298A5DEB6F29C4D2933E4E2 /* Pods-WhackAJelly.debug.xcconfig */,
				B5E6EA59F86FA710065A40DC /* Pods-WhackAJelly.release.xcconfig */,
			);
			name = Pods;
			sourceTree = "<group>";
		};
/* End PBXGroup section */

/* Begin PBXNativeTarget section */
		0B6296FD1F9073D9009A17E8 /* WhackAJelly */ = {
			isa = PBXNativeTarget;
			buildConfigurationList = 0B6297101F9073D9009A17E8 /* Build configuration list for PBXNativeTarget "WhackAJelly" */;
			buildPhases = (
				7AB29CB6420187BD5CB33F62 /* [CP] Check Pods Manifest.lock */,
				0B6296FA1F9073D9009A17E8 /* Sources */,
				0B6296FB1F9073D9009A17E8 /* Frameworks */,
				0B6296FC1F9073D9009A17E8 /* Resources */,
				12E1E724C7E2E15E4AA83AA8 /* [CP] Embed Pods Frameworks */,
				79CD28E69075AE47FCDEFE24 /* [CP] Copy Pods Resources */,
			);
			buildRules = (
			);
			dependencies = (
			);
			name = WhackAJelly;
			productName = WhackAJelly;
			productReference = 0B6296FE1F9073D9009A17E8 /* WhackAJelly.app */;
			productType = "com.apple.product-type.application";
		};
/* End PBXNativeTarget section */

/* Begin PBXProject section */
		0B6296F61F9073D9009A17E8 /* Project object */ = {
			isa = PBXProject;
			attributes = {
				LastSwiftUpdateCheck = 0900;
				LastUpgradeCheck = 0900;
				ORGANIZATIONNAME = "Kyle Chadwick";
				TargetAttributes = {
					0B6296FD1F9073D9009A17E8 = {
						CreatedOnToolsVersion = 9.0;
						ProvisioningStyle = Automatic;
					};
				};
			};
			buildConfigurationList = 0B6296F91F9073D9009A17E8 /* Build configuration list for PBXProject "WhackAJelly" */;
			compatibilityVersion = "Xcode 8.0";
			developmentRegion = en;
			hasScannedForEncodings = 0;
			knownRegions = (
				en,
				Base,
			);
			mainGroup = 0B6296F51F9073D9009A17E8;
			productRefGroup = 0B6296FF1F9073D9009A17E8 /* Products */;
			projectDirPath = "";
			projectRoot = "";
			targets = (
				0B6296FD1F9073D9009A17E8 /* WhackAJelly */,
			);
		};
/* End PBXProject section */

/* Begin PBXResourcesBuildPhase section */
		0B6296FC1F9073D9009A17E8 /* Resources */ = {
			isa = PBXResourcesBuildPhase;
			buildActionMask = 2147483647;
			files = (
				0B62970C1F9073D9009A17E8 /* LaunchScreen.storyboard in Resources */,
				0B6297181F913C96009A17E8 /* art.scnassets in Resources */,
				0B6297091F9073D9009A17E8 /* Assets.xcassets in Resources */,
				0B6297071F9073D9009A17E8 /* Main.storyboard in Resources */,
			);
			runOnlyForDeploymentPostprocessing = 0;
		};
/* End PBXResourcesBuildPhase section */

/* Begin PBXShellScriptBuildPhase section */
		12E1E724C7E2E15E4AA83AA8 /* [CP] Embed Pods Frameworks */ = {
			isa = PBXShellScriptBuildPhase;
			buildActionMask = 2147483647;
			files = (
			);
			inputPaths = (
				"${SRCROOT}/Pods/Target Support Files/Pods-WhackAJelly/Pods-WhackAJelly-frameworks.sh",
				"${BUILT_PRODUCTS_DIR}/Each/Each.framework",
			);
			name = "[CP] Embed Pods Frameworks";
			outputPaths = (
				"${TARGET_BUILD_DIR}/${FRAMEWORKS_FOLDER_PATH}/Each.framework",
			);
			runOnlyForDeploymentPostprocessing = 0;
			shellPath = /bin/sh;
			shellScript = "\"${SRCROOT}/Pods/Target Support Files/Pods-WhackAJelly/Pods-WhackAJelly-frameworks.sh\"\n";
			showEnvVarsInLog = 0;
		};
		79CD28E69075AE47FCDEFE24 /* [CP] Copy Pods Resources */ = {
			isa = PBXShellScriptBuildPhase;
			buildActionMask = 2147483647;
			files = (
			);
			inputPaths = (
			);
			name = "[CP] Copy Pods Resources";
			outputPaths = (
			);
			runOnlyForDeploymentPostprocessing = 0;
			shellPath = /bin/sh;
			shellScript = "\"${SRCROOT}/Pods/Target Support Files/Pods-WhackAJelly/Pods-WhackAJelly-resources.sh\"\n";
			showEnvVarsInLog = 0;
		};
		7AB29CB6420187BD5CB33F62 /* [CP] Check Pods Manifest.lock */ = {
			isa = PBXShellScriptBuildPhase;
			buildActionMask = 2147483647;
			files = (
			);
			inputPaths = (
				"${PODS_PODFILE_DIR_PATH}/Podfile.lock",
				"${PODS_ROOT}/Manifest.lock",
			);
			name = "[CP] Check Pods Manifest.lock";
			outputPaths = (
				"$(DERIVED_FILE_DIR)/Pods-WhackAJelly-checkManifestLockResult.txt",
			);
			runOnlyForDeploymentPostprocessing = 0;
			shellPath = /bin/sh;
			shellScript = "diff \"${PODS_PODFILE_DIR_PATH}/Podfile.lock\" \"${PODS_ROOT}/Manifest.lock\" > /dev/null\nif [ $? != 0 ] ; then\n    # print error to STDERR\n    echo \"error: The sandbox is not in sync with the Podfile.lock. Run 'pod install' or update your CocoaPods installation.\" >&2\n    exit 1\nfi\n# This output is used by Xcode 'outputs' to avoid re-running this script phase.\necho \"SUCCESS\" > \"${SCRIPT_OUTPUT_FILE_0}\"\n";
			showEnvVarsInLog = 0;
		};
/* End PBXShellScriptBuildPhase section */

/* Begin PBXSourcesBuildPhase section */
		0B6296FA1F9073D9009A17E8 /* Sources */ = {
			isa = PBXSourcesBuildPhase;
			buildActionMask = 2147483647;
			files = (
				0B6297041F9073D9009A17E8 /* ViewController.swift in Sources */,
				0B6297021F9073D9009A17E8 /* AppDelegate.swift in Sources */,
			);
			runOnlyForDeploymentPostprocessing = 0;
		};
/* End PBXSourcesBuildPhase section */

/* Begin PBXVariantGroup section */
		0B6297051F9073D9009A17E8 /* Main.storyboard */ = {
			isa = PBXVariantGroup;
			children = (
				0B6297061F9073D9009A17E8 /* Base */,
			);
			name = Main.storyboard;
			sourceTree = "<group>";
		};
		0B62970A1F9073D9009A17E8 /* LaunchScreen.storyboard */ = {
			isa = PBXVariantGroup;
			children = (
				0B62970B1F9073D9009A17E8 /* Base */,
			);
			name = LaunchScreen.storyboard;
			sourceTree = "<group>";
		};
/* End PBXVariantGroup section */

/* Begin XCBuildConfiguration section */
		0B62970E1F9073D9009A17E8 /* Debug */ = {
			isa = XCBuildConfiguration;
			buildSettings = {
				ALWAYS_SEARCH_USER_PATHS = NO;
				CLANG_ANALYZER_NONNULL = YES;
				CLANG_ANALYZER_NUMBER_OBJECT_CONVERSION = YES_AGGRESSIVE;
				CLANG_CXX_LANGUAGE_STANDARD = "gnu++14";
				CLANG_CXX_LIBRARY = "libc++";
				CLANG_ENABLE_MODULES = YES;
				CLANG_ENABLE_OBJC_ARC = YES;
				CLANG_WARN_BLOCK_CAPTURE_AUTORELEASING = YES;
				CLANG_WARN_BOOL_CONVERSION = YES;
				CLANG_WARN_COMMA = YES;
				CLANG_WARN_CONSTANT_CONVERSION = YES;
				CLANG_WARN_DIRECT_OBJC_ISA_USAGE = YES_ERROR;
				CLANG_WARN_DOCUMENTATION_COMMENTS = YES;
				CLANG_WARN_EMPTY_BODY = YES;
				CLANG_WARN_ENUM_CONVERSION = YES;
				CLANG_WARN_INFINITE_RECURSION = YES;
				CLANG_WARN_INT_CONVERSION = YES;
				CLANG_WARN_NON_LITERAL_NULL_CONVERSION = YES;
				CLANG_WARN_OBJC_LITERAL_CONVERSION = YES;
				CLANG_WARN_OBJC_ROOT_CLASS = YES_ERROR;
				CLANG_WARN_RANGE_LOOP_ANALYSIS = YES;
				CLANG_WARN_STRICT_PROTOTYPES = YES;
				CLANG_WARN_SUSPICIOUS_MOVE = YES;
				CLANG_WARN_UNGUARDED_AVAILABILITY = YES_AGGRESSIVE;
				CLANG_WARN_UNREACHABLE_CODE = YES;
				CLANG_WARN__DUPLICATE_METHOD_MATCH = YES;
				CODE_SIGN_IDENTITY = "iPhone Developer";
				COPY_PHASE_STRIP = NO;
				DEBUG_INFORMATION_FORMAT = dwarf;
				ENABLE_STRICT_OBJC_MSGSEND = YES;
				ENABLE_TESTABILITY = YES;
				GCC_C_LANGUAGE_STANDARD = gnu11;
				GCC_DYNAMIC_NO_PIC = NO;
				GCC_NO_COMMON_BLOCKS = YES;
				GCC_OPTIMIZATION_LEVEL = 0;
				GCC_PREPROCESSOR_DEFINITIONS = (
					"DEBUG=1",
					"$(inherited)",
				);
				GCC_WARN_64_TO_32_BIT_CONVERSION = YES;
				GCC_WARN_ABOUT_RETURN_TYPE = YES_ERROR;
				GCC_WARN_UNDECLARED_SELECTOR = YES;
				GCC_WARN_UNINITIALIZED_AUTOS = YES_AGGRESSIVE;
				GCC_WARN_UNUSED_FUNCTION = YES;
				GCC_WARN_UNUSED_VARIABLE = YES;
				IPHONEOS_DEPLOYMENT_TARGET = 11.0;
				MTL_ENABLE_DEBUG_INFO = YES;
				ONLY_ACTIVE_ARCH = YES;
				SDKROOT = iphoneos;
				SWIFT_ACTIVE_COMPILATION_CONDITIONS = DEBUG;
				SWIFT_OPTIMIZATION_LEVEL = "-Onone";
			};
			name = Debug;
		};
		0B62970F1F9073D9009A17E8 /* Release */ = {
			isa = XCBuildConfiguration;
			buildSettings = {
				ALWAYS_SEARCH_USER_PATHS = NO;
				CLANG_ANALYZER_NONNULL = YES;
				CLANG_ANALYZER_NUMBER_OBJECT_CONVERSION = YES_AGGRESSIVE;
				CLANG_CXX_LANGUAGE_STANDARD = "gnu++14";
				CLANG_CXX_LIBRARY = "libc++";
				CLANG_ENABLE_MODULES = YES;
				CLANG_ENABLE_OBJC_ARC = YES;
				CLANG_WARN_BLOCK_CAPTURE_AUTORELEASING = YES;
				CLANG_WARN_BOOL_CONVERSION = YES;
				CLANG_WARN_COMMA = YES;
				CLANG_WARN_CONSTANT_CONVERSION = YES;
				CLANG_WARN_DIRECT_OBJC_ISA_USAGE = YES_ERROR;
				CLANG_WARN_DOCUMENTATION_COMMENTS = YES;
				CLANG_WARN_EMPTY_BODY = YES;
				CLANG_WARN_ENUM_CONVERSION = YES;
				CLANG_WARN_INFINITE_RECURSION = YES;
				CLANG_WARN_INT_CONVERSION = YES;
				CLANG_WARN_NON_LITERAL_NULL_CONVERSION = YES;
				CLANG_WARN_OBJC_LITERAL_CONVERSION = YES;
				CLANG_WARN_OBJC_ROOT_CLASS = YES_ERROR;
				CLANG_WARN_RANGE_LOOP_ANALYSIS = YES;
				CLANG_WARN_STRICT_PROTOTYPES = YES;
				CLANG_WARN_SUSPICIOUS_MOVE = YES;
				CLANG_WARN_UNGUARDED_AVAILABILITY = YES_AGGRESSIVE;
				CLANG_WARN_UNREACHABLE_CODE = YES;
				CLANG_WARN__DUPLICATE_METHOD_MATCH = YES;
				CODE_SIGN_IDENTITY = "iPhone Developer";
				COPY_PHASE_STRIP = NO;
				DEBUG_INFORMATION_FORMAT = "dwarf-with-dsym";
				ENABLE_NS_ASSERTIONS = NO;
				ENABLE_STRICT_OBJC_MSGSEND = YES;
				GCC_C_LANGUAGE_STANDARD = gnu11;
				GCC_NO_COMMON_BLOCKS = YES;
				GCC_WARN_64_TO_32_BIT_CONVERSION = YES;
				GCC_WARN_ABOUT_RETURN_TYPE = YES_ERROR;
				GCC_WARN_UNDECLARED_SELECTOR = YES;
				GCC_WARN_UNINITIALIZED_AUTOS = YES_AGGRESSIVE;
				GCC_WARN_UNUSED_FUNCTION = YES;
				GCC_WARN_UNUSED_VARIABLE = YES;
				IPHONEOS_DEPLOYMENT_TARGET = 11.0;
				MTL_ENABLE_DEBUG_INFO = NO;
				SDKROOT = iphoneos;
				SWIFT_OPTIMIZATION_LEVEL = "-Owholemodule";
				VALIDATE_PRODUCT = YES;
			};
			name = Release;
		};
		0B6297111F9073D9009A17E8 /* Debug */ = {
			isa = XCBuildConfiguration;
			baseConfigurationReference = E298A5DEB6F29C4D2933E4E2 /* Pods-WhackAJelly.debug.xcconfig */;
			buildSettings = {
				ASSETCATALOG_COMPILER_APPICON_NAME = AppIcon;
				CODE_SIGN_STYLE = Automatic;
				DEVELOPMENT_TEAM = 8XRS3GT9QA;
				INFOPLIST_FILE = WhackAJelly/Info.plist;
				LD_RUNPATH_SEARCH_PATHS = "$(inherited) @executable_path/Frameworks";
				PRODUCT_BUNDLE_IDENTIFIER = com.kylepchadwick.WhackAJelly;
				PRODUCT_NAME = "$(TARGET_NAME)";
				SWIFT_VERSION = 4.0;
				TARGETED_DEVICE_FAMILY = "1,2";
			};
			name = Debug;
		};
		0B6297121F9073D9009A17E8 /* Release */ = {
			isa = XCBuildConfiguration;
			baseConfigurationReference = B5E6EA59F86FA710065A40DC /* Pods-WhackAJelly.release.xcconfig */;
			buildSettings = {
				ASSETCATALOG_COMPILER_APPICON_NAME = AppIcon;
				CODE_SIGN_STYLE = Automatic;
				DEVELOPMENT_TEAM = 8XRS3GT9QA;
				INFOPLIST_FILE = WhackAJelly/Info.plist;
				LD_RUNPATH_SEARCH_PATHS = "$(inherited) @executable_path/Frameworks";
				PRODUCT_BUNDLE_IDENTIFIER = com.kylepchadwick.WhackAJelly;
				PRODUCT_NAME = "$(TARGET_NAME)";
				SWIFT_VERSION = 4.0;
				TARGETED_DEVICE_FAMILY = "1,2";
			};
			name = Release;
		};
/* End XCBuildConfiguration section */

/* Begin XCConfigurationList section */
		0B6296F91F9073D9009A17E8 /* Build configuration list for PBXProject "WhackAJelly" */ = {
			isa = XCConfigurationList;
			buildConfigurations = (
				0B62970E1F9073D9009A17E8 /* Debug */,
				0B62970F1F9073D9009A17E8 /* Release */,
			);
			defaultConfigurationIsVisible = 0;
			defaultConfigurationName = Release;
		};
		0B6297101F9073D9009A17E8 /* Build configuration list for PBXNativeTarget "WhackAJelly" */ = {
			isa = XCConfigurationList;
			buildConfigurations = (
				0B6297111F9073D9009A17E8 /* Debug */,
				0B6297121F9073D9009A17E8 /* Release */,
			);
			defaultConfigurationIsVisible = 0;
			defaultConfigurationName = Release;
		};
/* End XCConfigurationList section */
	};
	rootObject = 0B6296F61F9073D9009A17E8 /* Project object */;
}
